// !$*UTF8*$!
{
	archiveVersion = 1;
	classes = {
	};
	objectVersion = 50;
	objects = {

/* Begin PBXBuildFile section */
		9A729A6B25DCC12000EE779E /* exercise5.c in Sources */ = {isa = PBXBuildFile; fileRef = 9A729A6A25DCC12000EE779E /* exercise5.c */; };
		9A7B044925DC0B9D00191AC1 /* exercise1.c in Sources */ = {isa = PBXBuildFile; fileRef = 9A7B044825DC0B9D00191AC1 /* exercise1.c */; };
		9A7B044C25DC0BA500191AC1 /* exercise2.c in Sources */ = {isa = PBXBuildFile; fileRef = 9A7B044B25DC0BA500191AC1 /* exercise2.c */; };
		9A7B044F25DC0BAD00191AC1 /* exercise3.c in Sources */ = {isa = PBXBuildFile; fileRef = 9A7B044E25DC0BAD00191AC1 /* exercise3.c */; };
		9A7B045225DC0BB500191AC1 /* exercise4.c in Sources */ = {isa = PBXBuildFile; fileRef = 9A7B045125DC0BB500191AC1 /* exercise4.c */; };
		9A7B045825DC0BC500191AC1 /* exercise6.c in Sources */ = {isa = PBXBuildFile; fileRef = 9A7B045725DC0BC500191AC1 /* exercise6.c */; };
/* End PBXBuildFile section */

/* Begin PBXCopyFilesBuildPhase section */
		9A7B043B25DC0B6A00191AC1 /* CopyFiles */ = {
			isa = PBXCopyFilesBuildPhase;
			buildActionMask = 2147483647;
			dstPath = /usr/share/man/man1/;
			dstSubfolderSpec = 0;
			files = (
			);
			runOnlyForDeploymentPostprocessing = 1;
		};
/* End PBXCopyFilesBuildPhase section */

/* Begin PBXFileReference section */
		9A729A6925DCC12000EE779E /* exercise5.h */ = {isa = PBXFileReference; lastKnownFileType = sourcecode.c.h; path = exercise5.h; sourceTree = "<group>"; };
		9A729A6A25DCC12000EE779E /* exercise5.c */ = {isa = PBXFileReference; lastKnownFileType = sourcecode.c.c; path = exercise5.c; sourceTree = "<group>"; };
		9A7B043D25DC0B6A00191AC1 /* Lab 14 16 Feb */ = {isa = PBXFileReference; explicitFileType = "compiled.mach-o.executable"; includeInIndex = 0; path = "Lab 14 16 Feb"; sourceTree = BUILT_PRODUCTS_DIR; };
		9A7B044825DC0B9D00191AC1 /* exercise1.c */ = {isa = PBXFileReference; lastKnownFileType = sourcecode.c.c; path = exercise1.c; sourceTree = "<group>"; };
		9A7B044B25DC0BA500191AC1 /* exercise2.c */ = {isa = PBXFileReference; lastKnownFileType = sourcecode.c.c; path = exercise2.c; sourceTree = "<group>"; };
		9A7B044E25DC0BAD00191AC1 /* exercise3.c */ = {isa = PBXFileReference; lastKnownFileType = sourcecode.c.c; path = exercise3.c; sourceTree = "<group>"; };
		9A7B045125DC0BB500191AC1 /* exercise4.c */ = {isa = PBXFileReference; lastKnownFileType = sourcecode.c.c; path = exercise4.c; sourceTree = "<group>"; };
		9A7B045725DC0BC500191AC1 /* exercise6.c */ = {isa = PBXFileReference; lastKnownFileType = sourcecode.c.c; path = exercise6.c; sourceTree = "<group>"; };
/* End PBXFileReference section */

/* Begin PBXFrameworksBuildPhase section */
		9A7B043A25DC0B6A00191AC1 /* Frameworks */ = {
			isa = PBXFrameworksBuildPhase;
			buildActionMask = 2147483647;
			files = (
			);
			runOnlyForDeploymentPostprocessing = 0;
		};
/* End PBXFrameworksBuildPhase section */

/* Begin PBXGroup section */
		9A7B043425DC0B6A00191AC1 = {
			isa = PBXGroup;
			children = (
				9A7B043F25DC0B6A00191AC1 /* Lab 14 16 Feb */,
				9A7B043E25DC0B6A00191AC1 /* Products */,
			);
			sourceTree = "<group>";
		};
		9A7B043E25DC0B6A00191AC1 /* Products */ = {
			isa = PBXGroup;
			children = (
				9A7B043D25DC0B6A00191AC1 /* Lab 14 16 Feb */,
			);
			name = Products;
			sourceTree = "<group>";
		};
		9A7B043F25DC0B6A00191AC1 /* Lab 14 16 Feb */ = {
			isa = PBXGroup;
			children = (
				9A7B044825DC0B9D00191AC1 /* exercise1.c */,
				9A7B044B25DC0BA500191AC1 /* exercise2.c */,
				9A7B044E25DC0BAD00191AC1 /* exercise3.c */,
				9A7B045125DC0BB500191AC1 /* exercise4.c */,
				9A729A6925DCC12000EE779E /* exercise5.h */,
				9A729A6A25DCC12000EE779E /* exercise5.c */,
				9A7B045725DC0BC500191AC1 /* exercise6.c */,
			);
			path = "Lab 14 16 Feb";
			sourceTree = "<group>";
		};
/* End PBXGroup section */

/* Begin PBXNativeTarget section */
		9A7B043C25DC0B6A00191AC1 /* Lab 14 16 Feb */ = {
			isa = PBXNativeTarget;
			buildConfigurationList = 9A7B044425DC0B6A00191AC1 /* Build configuration list for PBXNativeTarget "Lab 14 16 Feb" */;
			buildPhases = (
				9A7B043925DC0B6A00191AC1 /* Sources */,
				9A7B043A25DC0B6A00191AC1 /* Frameworks */,
				9A7B043B25DC0B6A00191AC1 /* CopyFiles */,
			);
			buildRules = (
			);
			dependencies = (
			);
			name = "Lab 14 16 Feb";
			productName = "Lab 14 16 Feb";
			productReference = 9A7B043D25DC0B6A00191AC1 /* Lab 14 16 Feb */;
			productType = "com.apple.product-type.tool";
		};
/* End PBXNativeTarget section */

/* Begin PBXProject section */
		9A7B043525DC0B6A00191AC1 /* Project object */ = {
			isa = PBXProject;
			attributes = {
				LastUpgradeCheck = 1240;
				TargetAttributes = {
					9A7B043C25DC0B6A00191AC1 = {
						CreatedOnToolsVersion = 12.4;
					};
				};
			};
			buildConfigurationList = 9A7B043825DC0B6A00191AC1 /* Build configuration list for PBXProject "Lab 14 16 Feb" */;
			compatibilityVersion = "Xcode 9.3";
			developmentRegion = en;
			hasScannedForEncodings = 0;
			knownRegions = (
				en,
				Base,
			);
			mainGroup = 9A7B043425DC0B6A00191AC1;
			productRefGroup = 9A7B043E25DC0B6A00191AC1 /* Products */;
			projectDirPath = "";
			projectRoot = "";
			targets = (
				9A7B043C25DC0B6A00191AC1 /* Lab 14 16 Feb */,
			);
		};
/* End PBXProject section */

/* Begin PBXSourcesBuildPhase section */
		9A7B043925DC0B6A00191AC1 /* Sources */ = {
			isa = PBXSourcesBuildPhase;
			buildActionMask = 2147483647;
			files = (
				9A7B045825DC0BC500191AC1 /* exercise6.c in Sources */,
				9A7B045225DC0BB500191AC1 /* exercise4.c in Sources */,
				9A7B044C25DC0BA500191AC1 /* exercise2.c in Sources */,
				9A7B044925DC0B9D00191AC1 /* exercise1.c in Sources */,
				9A729A6B25DCC12000EE779E /* exercise5.c in Sources */,
				9A7B044F25DC0BAD00191AC1 /* exercise3.c in Sources */,
			);
			runOnlyForDeploymentPostprocessing = 0;
		};
/* End PBXSourcesBuildPhase section */

/* Begin XCBuildConfiguration section */
		9A7B044225DC0B6A00191AC1 /* Debug */ = {
			isa = XCBuildConfiguration;
			buildSettings = {
				ALWAYS_SEARCH_USER_PATHS = NO;
				CLANG_ANALYZER_NONNULL = YES;
				CLANG_ANALYZER_NUMBER_OBJECT_CONVERSION = YES_AGGRESSIVE;
				CLANG_CXX_LANGUAGE_STANDARD = "gnu++14";
				CLANG_CXX_LIBRARY = "libc++";
				CLANG_ENABLE_MODULES = YES;
				CLANG_ENABLE_OBJC_ARC = YES;
				CLANG_ENABLE_OBJC_WEAK = YES;
				CLANG_WARN_BLOCK_CAPTURE_AUTORELEASING = YES;
				CLANG_WARN_BOOL_CONVERSION = YES;
				CLANG_WARN_COMMA = YES;
				CLANG_WARN_CONSTANT_CONVERSION = YES;
				CLANG_WARN_DEPRECATED_OBJC_IMPLEMENTATIONS = YES;
				CLANG_WARN_DIRECT_OBJC_ISA_USAGE = YES_ERROR;
				CLANG_WARN_DOCUMENTATION_COMMENTS = YES;
				CLANG_WARN_EMPTY_BODY = YES;
				CLANG_WARN_ENUM_CONVERSION = YES;
				CLANG_WARN_INFINITE_RECURSION = YES;
				CLANG_WARN_INT_CONVERSION = YES;
				CLANG_WARN_NON_LITERAL_NULL_CONVERSION = YES;
				CLANG_WARN_OBJC_IMPLICIT_RETAIN_SELF = YES;
				CLANG_WARN_OBJC_LITERAL_CONVERSION = YES;
				CLANG_WARN_OBJC_ROOT_CLASS = YES_ERROR;
				CLANG_WARN_QUOTED_INCLUDE_IN_FRAMEWORK_HEADER = YES;
				CLANG_WARN_RANGE_LOOP_ANALYSIS = YES;
				CLANG_WARN_STRICT_PROTOTYPES = YES;
				CLANG_WARN_SUSPICIOUS_MOVE = YES;
				CLANG_WARN_UNGUARDED_AVAILABILITY = YES_AGGRESSIVE;
				CLANG_WARN_UNREACHABLE_CODE = YES;
				CLANG_WARN__DUPLICATE_METHOD_MATCH = YES;
				COPY_PHASE_STRIP = NO;
				DEBUG_INFORMATION_FORMAT = dwarf;
				ENABLE_STRICT_OBJC_MSGSEND = YES;
				ENABLE_TESTABILITY = YES;
				GCC_C_LANGUAGE_STANDARD = gnu11;
				GCC_DYNAMIC_NO_PIC = NO;
				GCC_NO_COMMON_BLOCKS = YES;
				GCC_OPTIMIZATION_LEVEL = 0;
				GCC_PREPROCESSOR_DEFINITIONS = (
					"DEBUG=1",
					"$(inherited)",
				);
				GCC_WARN_64_TO_32_BIT_CONVERSION = YES;
				GCC_WARN_ABOUT_RETURN_TYPE = YES_ERROR;
				GCC_WARN_UNDECLARED_SELECTOR = YES;
				GCC_WARN_UNINITIALIZED_AUTOS = YES_AGGRESSIVE;
				GCC_WARN_UNUSED_FUNCTION = YES;
				GCC_WARN_UNUSED_VARIABLE = YES;
				MACOSX_DEPLOYMENT_TARGET = 11.1;
				MTL_ENABLE_DEBUG_INFO = INCLUDE_SOURCE;
				MTL_FAST_MATH = YES;
				ONLY_ACTIVE_ARCH = YES;
				SDKROOT = macosx;
			};
			name = Debug;
		};
		9A7B044325DC0B6A00191AC1 /* Release */ = {
			isa = XCBuildConfiguration;
			buildSettings = {
				ALWAYS_SEARCH_USER_PATHS = NO;
				CLANG_ANALYZER_NONNULL = YES;
				CLANG_ANALYZER_NUMBER_OBJECT_CONVERSION = YES_AGGRESSIVE;
				CLANG_CXX_LANGUAGE_STANDARD = "gnu++14";
				CLANG_CXX_LIBRARY = "libc++";
				CLANG_ENABLE_MODULES = YES;
				CLANG_ENABLE_OBJC_ARC = YES;
				CLANG_ENABLE_OBJC_WEAK = YES;
				CLANG_WARN_BLOCK_CAPTURE_AUTORELEASING = YES;
				CLANG_WARN_BOOL_CONVERSION = YES;
				CLANG_WARN_COMMA = YES;
				CLANG_WARN_CONSTANT_CONVERSION = YES;
				CLANG_WARN_DEPRECATED_OBJC_IMPLEMENTATIONS = YES;
				CLANG_WARN_DIRECT_OBJC_ISA_USAGE = YES_ERROR;
				CLANG_WARN_DOCUMENTATION_COMMENTS = YES;
				CLANG_WARN_EMPTY_BODY = YES;
				CLANG_WARN_ENUM_CONVERSION = YES;
				CLANG_WARN_INFINITE_RECURSION = YES;
				CLANG_WARN_INT_CONVERSION = YES;
				CLANG_WARN_NON_LITERAL_NULL_CONVERSION = YES;
				CLANG_WARN_OBJC_IMPLICIT_RETAIN_SELF = YES;
				CLANG_WARN_OBJC_LITERAL_CONVERSION = YES;
				CLANG_WARN_OBJC_ROOT_CLASS = YES_ERROR;
				CLANG_WARN_QUOTED_INCLUDE_IN_FRAMEWORK_HEADER = YES;
				CLANG_WARN_RANGE_LOOP_ANALYSIS = YES;
				CLANG_WARN_STRICT_PROTOTYPES = YES;
				CLANG_WARN_SUSPICIOUS_MOVE = YES;
				CLANG_WARN_UNGUARDED_AVAILABILITY = YES_AGGRESSIVE;
				CLANG_WARN_UNREACHABLE_CODE = YES;
				CLANG_WARN__DUPLICATE_METHOD_MATCH = YES;
				COPY_PHASE_STRIP = NO;
				DEBUG_INFORMATION_FORMAT = "dwarf-with-dsym";
				ENABLE_NS_ASSERTIONS = NO;
				ENABLE_STRICT_OBJC_MSGSEND = YES;
				GCC_C_LANGUAGE_STANDARD = gnu11;
				GCC_NO_COMMON_BLOCKS = YES;
				GCC_WARN_64_TO_32_BIT_CONVERSION = YES;
				GCC_WARN_ABOUT_RETURN_TYPE = YES_ERROR;
				GCC_WARN_UNDECLARED_SELECTOR = YES;
				GCC_WARN_UNINITIALIZED_AUTOS = YES_AGGRESSIVE;
				GCC_WARN_UNUSED_FUNCTION = YES;
				GCC_WARN_UNUSED_VARIABLE = YES;
				MACOSX_DEPLOYMENT_TARGET = 11.1;
				MTL_ENABLE_DEBUG_INFO = NO;
				MTL_FAST_MATH = YES;
				SDKROOT = macosx;
			};
			name = Release;
		};
		9A7B044525DC0B6A00191AC1 /* Debug */ = {
			isa = XCBuildConfiguration;
			buildSettings = {
				CODE_SIGN_STYLE = Automatic;
				PRODUCT_NAME = "$(TARGET_NAME)";
			};
			name = Debug;
		};
		9A7B044625DC0B6A00191AC1 /* Release */ = {
			isa = XCBuildConfiguration;
			buildSettings = {
				CODE_SIGN_STYLE = Automatic;
				PRODUCT_NAME = "$(TARGET_NAME)";
			};
			name = Release;
		};
/* End XCBuildConfiguration section */

/* Begin XCConfigurationList section */
		9A7B043825DC0B6A00191AC1 /* Build configuration list for PBXProject "Lab 14 16 Feb" */ = {
			isa = XCConfigurationList;
			buildConfigurations = (
				9A7B044225DC0B6A00191AC1 /* Debug */,
				9A7B044325DC0B6A00191AC1 /* Release */,
			);
			defaultConfigurationIsVisible = 0;
			defaultConfigurationName = Release;
		};
		9A7B044425DC0B6A00191AC1 /* Build configuration list for PBXNativeTarget "Lab 14 16 Feb" */ = {
			isa = XCConfigurationList;
			buildConfigurations = (
				9A7B044525DC0B6A00191AC1 /* Debug */,
				9A7B044625DC0B6A00191AC1 /* Release */,
			);
			defaultConfigurationIsVisible = 0;
			defaultConfigurationName = Release;
		};
/* End XCConfigurationList section */
	};
	rootObject = 9A7B043525DC0B6A00191AC1 /* Project object */;
}
